Microsoft Visual Studio Solution File, Format Version 11.00
# Visual Studio 2008

Project("{30F5429A-00D4-E7DA-5C06-0B429E94993E}") = "Catapult", "Assembly-CSharp.csproj", "{38E81DF6-2666-20DF-B947-50903590CF11}"
EndProject
Global
	GlobalSection(SolutionConfigurationPlatforms) = preSolution
		Debug|Any CPU = Debug|Any CPU
		Release|Any CPU = Release|Any CPU
	EndGlobalSection
	GlobalSection(ProjectConfigurationPlatforms) = postSolution
		{38E81DF6-2666-20DF-B947-50903590CF11}.Debug|Any CPU.ActiveCfg = Debug|Any CPU
		{38E81DF6-2666-20DF-B947-50903590CF11}.Debug|Any CPU.Build.0 = Debug|Any CPU
		{38E81DF6-2666-20DF-B947-50903590CF11}.Release|Any CPU.ActiveCfg = Release|Any CPU
		{38E81DF6-2666-20DF-B947-50903590CF11}.Release|Any CPU.Build.0 = Release|Any CPU
	EndGlobalSection
	GlobalSection(SolutionProperties) = preSolution
		HideSolutionNode = FALSE
	EndGlobalSection
	GlobalSection(MonoDevelopProperties) = preSolution
		StartupItem = Assembly-CSharp.csproj
	EndGlobalSection
EndGlobal
